{
  "name": "retroengine",
  "version": "0.0.1",
  "lockfileVersion": 3,
  "requires": true,
  "packages": {
    "": {
      "name": "retroengine",
      "version": "0.0.1",
      "dependencies": {
        "react": "18.2.0",
        "react-native": "0.73.0"
      }
    },
    "node_modules/react": {
      "version": "18.2.0",
      "resolved": "https://registry.npmjs.org/react/-/react-18.2.0.tgz",
      "integrity": "sha512-/3IjMdb2cLaNbybDa2RgeEAZvk+RGYo1 desprctaDWB51Hajq04bZ1qC9c1e+4PtkD29gniIdauGd2nriusDT7A=="
    },
    "node_modules/react-native": {
      "version": "0.73.0",
      "resolved": "https://registry.npmjs.org/react-native/-/react-native-0.73.0.tgz",
      "integrity": "sha512-0OuIvtRQZ1yqXrBpxW6Jc/BIvqScVTCW0k4D0O0r0T7Dz0VIxRlAr9wY/wWs0N+hR3HhN9Cv8lTXnxF8IG/A=="
    }
  }
}
